
Microsoft Visual Studio Solution File, Format Version 12.00
# Visual Studio Version 17
VisualStudioVersion = 17.10.35027.167
MinimumVisualStudioVersion = 10.0.40219.1
Project("{FAE04EC0-301F-11D3-BF4B-00C04F79EFBC}") = "STPRGR", "STPRGR\STPRGR.csproj", "{93E907FD-B761-4361-A28F-75D9E5519431}"
EndProject
Project("{FAE04EC0-301F-11D3-BF4B-00C04F79EFBC}") = "TestProject1", "TestProject1\TestProject1.csproj", "{EECF3887-550B-4502-B29E-21BD2CFAB173}"
EndProject
Global
	GlobalSection(SolutionConfigurationPlatforms) = preSolution
		Debug|Any CPU = Debug|Any CPU
		Release|Any CPU = Release|Any CPU
	EndGlobalSection
	GlobalSection(ProjectConfigurationPlatforms) = postSolution
		{93E907FD-B761-4361-A28F-75D9E5519431}.Debug|Any CPU.ActiveCfg = Debug|Any CPU
		{93E907FD-B761-4361-A28F-75D9E5519431}.Debug|Any CPU.Build.0 = Debug|Any CPU
		{93E907FD-B761-4361-A28F-75D9E5519431}.Release|Any CPU.ActiveCfg = Release|Any CPU
		{93E907FD-B761-4361-A28F-75D9E5519431}.Release|Any CPU.Build.0 = Release|Any CPU
		{EECF3887-550B-4502-B29E-21BD2CFAB173}.Debug|Any CPU.ActiveCfg = Debug|Any CPU
		{EECF3887-550B-4502-B29E-21BD2CFAB173}.Debug|Any CPU.Build.0 = Debug|Any CPU
		{EECF3887-550B-4502-B29E-21BD2CFAB173}.Release|Any CPU.ActiveCfg = Release|Any CPU
		{EECF3887-550B-4502-B29E-21BD2CFAB173}.Release|Any CPU.Build.0 = Release|Any CPU
	EndGlobalSection
	GlobalSection(SolutionProperties) = preSolution
		HideSolutionNode = FALSE
	EndGlobalSection
	GlobalSection(ExtensibilityGlobals) = postSolution
		SolutionGuid = {56836E5F-61E7-4093-A2FA-756E68ED7617}
	EndGlobalSection
EndGlobal
